
Microsoft Visual Studio Solution File, Format Version 12.00
Project("{FAE04EC0-301F-11D3-BF4B-00C04F79EFBC}") = "BulkyWeb", "BulkyWeb\BulkyWeb.csproj", "{0E4A4605-E00F-4DCD-87BE-E5FABB17D1F0}"
EndProject
Project("{FAE04EC0-301F-11D3-BF4B-00C04F79EFBC}") = "Bulky.Models", "Bulky.Models\Bulky.Models.csproj", "{1BE5F6FF-8244-481A-908A-6A7F3A1EC0A3}"
EndProject
Project("{FAE04EC0-301F-11D3-BF4B-00C04F79EFBC}") = "Bulky.DataAccess", "Bulky.DataAccess\Bulky.DataAccess.csproj", "{ED5736EC-62D6-4E7F-96AE-50C21FC38933}"
EndProject
Project("{FAE04EC0-301F-11D3-BF4B-00C04F79EFBC}") = "Bulky.Utility", "Bulky.Utility\Bulky.Utility.csproj", "{6A4ECAE8-504F-46D1-9845-216EAD05DA3B}"
EndProject
Global
	GlobalSection(SolutionConfigurationPlatforms) = preSolution
		Debug|Any CPU = Debug|Any CPU
		Release|Any CPU = Release|Any CPU
	EndGlobalSection
	GlobalSection(ProjectConfigurationPlatforms) = postSolution
		{0E4A4605-E00F-4DCD-87BE-E5FABB17D1F0}.Debug|Any CPU.ActiveCfg = Debug|Any CPU
		{0E4A4605-E00F-4DCD-87BE-E5FABB17D1F0}.Debug|Any CPU.Build.0 = Debug|Any CPU
		{0E4A4605-E00F-4DCD-87BE-E5FABB17D1F0}.Release|Any CPU.ActiveCfg = Release|Any CPU
		{0E4A4605-E00F-4DCD-87BE-E5FABB17D1F0}.Release|Any CPU.Build.0 = Release|Any CPU
		{1BE5F6FF-8244-481A-908A-6A7F3A1EC0A3}.Debug|Any CPU.ActiveCfg = Debug|Any CPU
		{1BE5F6FF-8244-481A-908A-6A7F3A1EC0A3}.Debug|Any CPU.Build.0 = Debug|Any CPU
		{1BE5F6FF-8244-481A-908A-6A7F3A1EC0A3}.Release|Any CPU.ActiveCfg = Release|Any CPU
		{1BE5F6FF-8244-481A-908A-6A7F3A1EC0A3}.Release|Any CPU.Build.0 = Release|Any CPU
		{ED5736EC-62D6-4E7F-96AE-50C21FC38933}.Debug|Any CPU.ActiveCfg = Debug|Any CPU
		{ED5736EC-62D6-4E7F-96AE-50C21FC38933}.Debug|Any CPU.Build.0 = Debug|Any CPU
		{ED5736EC-62D6-4E7F-96AE-50C21FC38933}.Release|Any CPU.ActiveCfg = Release|Any CPU
		{ED5736EC-62D6-4E7F-96AE-50C21FC38933}.Release|Any CPU.Build.0 = Release|Any CPU
		{6A4ECAE8-504F-46D1-9845-216EAD05DA3B}.Debug|Any CPU.ActiveCfg = Debug|Any CPU
		{6A4ECAE8-504F-46D1-9845-216EAD05DA3B}.Debug|Any CPU.Build.0 = Debug|Any CPU
		{6A4ECAE8-504F-46D1-9845-216EAD05DA3B}.Release|Any CPU.ActiveCfg = Release|Any CPU
		{6A4ECAE8-504F-46D1-9845-216EAD05DA3B}.Release|Any CPU.Build.0 = Release|Any CPU
	EndGlobalSection
EndGlobal
